
Microsoft Visual Studio Solution File, Format Version 12.00
# Visual Studio Version 16
VisualStudioVersion = 16.0.29806.167
MinimumVisualStudioVersion = 10.0.40219.1
Project("{2150E333-8FDC-42A3-9474-1A3956D46DE8}") = "_", "_", "{D89FAD3E-2494-4C84-8A87-1E1D1B6A1E51}"
	ProjectSection(SolutionItems) = preProject
		Directory.Build.targets = Directory.Build.targets
		global.json = global.json
		LICENSE.md = LICENSE.md
		README.md = README.md
	EndProjectSection
EndProject
Project("{2150E333-8FDC-42A3-9474-1A3956D46DE8}") = "Core", "Core", "{6B011824-80B7-4D62-9A51-EC319B8C1A12}"
EndProject
Project("{2150E333-8FDC-42A3-9474-1A3956D46DE8}") = "Frameworks", "Frameworks", "{C6368727-D041-4D34-A107-26884AAD495B}"
EndProject
Project("{2150E333-8FDC-42A3-9474-1A3956D46DE8}") = "Samples", "Samples", "{525AB2FA-0C4E-4901-BDAA-50CBC64205AA}"
EndProject
Project("{FAE04EC0-301F-11D3-BF4B-00C04F79EFBC}") = "GoogleAnalyticsTracker.Core", "GoogleAnalyticsTracker.Core\GoogleAnalyticsTracker.Core.csproj", "{85300E06-1F96-4BE1-B267-DFB8874AD493}"
EndProject
Project("{FAE04EC0-301F-11D3-BF4B-00C04F79EFBC}") = "GoogleAnalyticsTracker.Simple", "GoogleAnalyticsTracker.Simple\GoogleAnalyticsTracker.Simple.csproj", "{B1140D42-4CA4-4B24-A234-4BC32E623CDA}"
EndProject
Project("{FAE04EC0-301F-11D3-BF4B-00C04F79EFBC}") = "GoogleAnalyticsTracker.AspNetCore", "GoogleAnalyticsTracker.AspNetCore\GoogleAnalyticsTracker.AspNetCore.csproj", "{EB1421F8-43B5-4448-8E79-C5BAFFB2E767}"
EndProject
Project("{FAE04EC0-301F-11D3-BF4B-00C04F79EFBC}") = "GoogleAnalyticsTracker.SampleWebApplication", "GoogleAnalyticsTracker.SampleWebApplication\GoogleAnalyticsTracker.SampleWebApplication.csproj", "{19F074E8-0E15-4F10-B873-DE136644B0BA}"
EndProject
Project("{9A19103F-16F7-4668-BE54-9A1E7A4F7556}") = "_build", "build\_build.csproj", "{C603D8E4-AC37-48A7-9BBD-AF3265FCA357}"
EndProject
Project("{2150E333-8FDC-42A3-9474-1A3956D46DE8}") = ".config", ".config", "{36F61956-6D6B-403E-ADFE-DCF7456FFAEC}"
ProjectSection(SolutionItems) = preProject
	.config\dotnet-tools.json = .config\dotnet-tools.json
EndProjectSection
EndProject
Global
	GlobalSection(SolutionConfigurationPlatforms) = preSolution
		Debug|Any CPU = Debug|Any CPU
		Release|Any CPU = Release|Any CPU
	EndGlobalSection
	GlobalSection(ProjectConfigurationPlatforms) = postSolution
		{85300E06-1F96-4BE1-B267-DFB8874AD493}.Debug|Any CPU.ActiveCfg = Debug|Any CPU
		{85300E06-1F96-4BE1-B267-DFB8874AD493}.Debug|Any CPU.Build.0 = Debug|Any CPU
		{85300E06-1F96-4BE1-B267-DFB8874AD493}.Release|Any CPU.ActiveCfg = Release|Any CPU
		{85300E06-1F96-4BE1-B267-DFB8874AD493}.Release|Any CPU.Build.0 = Release|Any CPU
		{B1140D42-4CA4-4B24-A234-4BC32E623CDA}.Debug|Any CPU.ActiveCfg = Debug|Any CPU
		{B1140D42-4CA4-4B24-A234-4BC32E623CDA}.Debug|Any CPU.Build.0 = Debug|Any CPU
		{B1140D42-4CA4-4B24-A234-4BC32E623CDA}.Release|Any CPU.ActiveCfg = Release|Any CPU
		{B1140D42-4CA4-4B24-A234-4BC32E623CDA}.Release|Any CPU.Build.0 = Release|Any CPU
		{EB1421F8-43B5-4448-8E79-C5BAFFB2E767}.Debug|Any CPU.ActiveCfg = Debug|Any CPU
		{EB1421F8-43B5-4448-8E79-C5BAFFB2E767}.Debug|Any CPU.Build.0 = Debug|Any CPU
		{EB1421F8-43B5-4448-8E79-C5BAFFB2E767}.Release|Any CPU.ActiveCfg = Release|Any CPU
		{EB1421F8-43B5-4448-8E79-C5BAFFB2E767}.Release|Any CPU.Build.0 = Release|Any CPU
		{19F074E8-0E15-4F10-B873-DE136644B0BA}.Debug|Any CPU.ActiveCfg = Debug|Any CPU
		{19F074E8-0E15-4F10-B873-DE136644B0BA}.Debug|Any CPU.Build.0 = Debug|Any CPU
		{19F074E8-0E15-4F10-B873-DE136644B0BA}.Release|Any CPU.ActiveCfg = Release|Any CPU
		{19F074E8-0E15-4F10-B873-DE136644B0BA}.Release|Any CPU.Build.0 = Release|Any CPU
		{C603D8E4-AC37-48A7-9BBD-AF3265FCA357}.Debug|Any CPU.ActiveCfg = Debug|Any CPU
		{C603D8E4-AC37-48A7-9BBD-AF3265FCA357}.Release|Any CPU.ActiveCfg = Release|Any CPU
	EndGlobalSection
	GlobalSection(SolutionProperties) = preSolution
		HideSolutionNode = FALSE
	EndGlobalSection
	GlobalSection(NestedProjects) = preSolution
		{85300E06-1F96-4BE1-B267-DFB8874AD493} = {6B011824-80B7-4D62-9A51-EC319B8C1A12}
		{B1140D42-4CA4-4B24-A234-4BC32E623CDA} = {6B011824-80B7-4D62-9A51-EC319B8C1A12}
		{EB1421F8-43B5-4448-8E79-C5BAFFB2E767} = {C6368727-D041-4D34-A107-26884AAD495B}
		{19F074E8-0E15-4F10-B873-DE136644B0BA} = {525AB2FA-0C4E-4901-BDAA-50CBC64205AA}
		{C603D8E4-AC37-48A7-9BBD-AF3265FCA357} = {D89FAD3E-2494-4C84-8A87-1E1D1B6A1E51}
		{36F61956-6D6B-403E-ADFE-DCF7456FFAEC} = {D89FAD3E-2494-4C84-8A87-1E1D1B6A1E51}
	EndGlobalSection
	GlobalSection(ExtensibilityGlobals) = postSolution
		SolutionGuid = {0F33A73B-8F9F-4E17-9B3A-C4E81D9D2C64}
	EndGlobalSection
EndGlobal
