
Microsoft Visual Studio Solution File, Format Version 12.00
# Visual Studio 2012
Project("{FAE04EC0-301F-11D3-BF4B-00C04F79EFBC}") = "GoogleAnalyticsTracker", "GoogleAnalyticsTracker\GoogleAnalyticsTracker.csproj", "{9B6AA06C-85A9-45B9-BE39-0CDAE19D9FD2}"
EndProject
Project("{2150E333-8FDC-42A3-9474-1A3956D46DE8}") = ".nuget", ".nuget", "{115D0F81-D3F5-4F88-BD69-286A52124578}"
	ProjectSection(SolutionItems) = preProject
		.nuget\NuGet.Config = .nuget\NuGet.Config
		.nuget\NuGet.exe = .nuget\NuGet.exe
		.nuget\NuGet.targets = .nuget\NuGet.targets
	EndProjectSection
EndProject
Project("{FAE04EC0-301F-11D3-BF4B-00C04F79EFBC}") = "GoogleAnalyticsTracker.WP7", "GoogleAnalyticsTracker.WP7\GoogleAnalyticsTracker.WP7.csproj", "{8C133EE9-8D9A-447D-BAEE-06202ABC69FC}"
EndProject
Project("{FAE04EC0-301F-11D3-BF4B-00C04F79EFBC}") = "GoogleAnalyticsTracker.RT", "GoogleAnalyticsTracker.RT\GoogleAnalyticsTracker.RT.csproj", "{DC0B67A9-863A-40DA-8516-062388A7B348}"
EndProject
Project("{FAE04EC0-301F-11D3-BF4B-00C04F79EFBC}") = "GoogleAnalyticsTracker.WP8", "GoogleAnalyticsTracker.WP8\GoogleAnalyticsTracker.WP8.csproj", "{8C122EE9-8D9A-447D-BBEE-06202ABCAA22}"
EndProject
Global
	GlobalSection(SolutionConfigurationPlatforms) = preSolution
		CI|Any CPU = CI|Any CPU
		CI|ARM = CI|ARM
		CI|x64 = CI|x64
		CI|x86 = CI|x86
		Debug|Any CPU = Debug|Any CPU
		Debug|ARM = Debug|ARM
		Debug|x64 = Debug|x64
		Debug|x86 = Debug|x86
		Release|Any CPU = Release|Any CPU
		Release|ARM = Release|ARM
		Release|x64 = Release|x64
		Release|x86 = Release|x86
	EndGlobalSection
	GlobalSection(ProjectConfigurationPlatforms) = postSolution
		{9B6AA06C-85A9-45B9-BE39-0CDAE19D9FD2}.CI|Any CPU.ActiveCfg = CI|Any CPU
		{9B6AA06C-85A9-45B9-BE39-0CDAE19D9FD2}.CI|Any CPU.Build.0 = CI|Any CPU
		{9B6AA06C-85A9-45B9-BE39-0CDAE19D9FD2}.CI|ARM.ActiveCfg = CI|Any CPU
		{9B6AA06C-85A9-45B9-BE39-0CDAE19D9FD2}.CI|x64.ActiveCfg = CI|Any CPU
		{9B6AA06C-85A9-45B9-BE39-0CDAE19D9FD2}.CI|x86.ActiveCfg = CI|Any CPU
		{9B6AA06C-85A9-45B9-BE39-0CDAE19D9FD2}.Debug|Any CPU.ActiveCfg = Debug|Any CPU
		{9B6AA06C-85A9-45B9-BE39-0CDAE19D9FD2}.Debug|Any CPU.Build.0 = Debug|Any CPU
		{9B6AA06C-85A9-45B9-BE39-0CDAE19D9FD2}.Debug|ARM.ActiveCfg = Debug|Any CPU
		{9B6AA06C-85A9-45B9-BE39-0CDAE19D9FD2}.Debug|x64.ActiveCfg = Debug|Any CPU
		{9B6AA06C-85A9-45B9-BE39-0CDAE19D9FD2}.Debug|x86.ActiveCfg = Debug|Any CPU
		{9B6AA06C-85A9-45B9-BE39-0CDAE19D9FD2}.Release|Any CPU.ActiveCfg = Release|Any CPU
		{9B6AA06C-85A9-45B9-BE39-0CDAE19D9FD2}.Release|Any CPU.Build.0 = Release|Any CPU
		{9B6AA06C-85A9-45B9-BE39-0CDAE19D9FD2}.Release|ARM.ActiveCfg = Release|Any CPU
		{9B6AA06C-85A9-45B9-BE39-0CDAE19D9FD2}.Release|x64.ActiveCfg = Release|Any CPU
		{9B6AA06C-85A9-45B9-BE39-0CDAE19D9FD2}.Release|x86.ActiveCfg = Release|Any CPU
		{8C133EE9-8D9A-447D-BAEE-06202ABC69FC}.CI|Any CPU.ActiveCfg = CI|Any CPU
		{8C133EE9-8D9A-447D-BAEE-06202ABC69FC}.CI|Any CPU.Build.0 = CI|Any CPU
		{8C133EE9-8D9A-447D-BAEE-06202ABC69FC}.CI|ARM.ActiveCfg = CI|Any CPU
		{8C133EE9-8D9A-447D-BAEE-06202ABC69FC}.CI|x64.ActiveCfg = CI|Any CPU
		{8C133EE9-8D9A-447D-BAEE-06202ABC69FC}.CI|x86.ActiveCfg = CI|Any CPU
		{8C133EE9-8D9A-447D-BAEE-06202ABC69FC}.Debug|Any CPU.ActiveCfg = Debug|Any CPU
		{8C133EE9-8D9A-447D-BAEE-06202ABC69FC}.Debug|Any CPU.Build.0 = Debug|Any CPU
		{8C133EE9-8D9A-447D-BAEE-06202ABC69FC}.Debug|ARM.ActiveCfg = Debug|Any CPU
		{8C133EE9-8D9A-447D-BAEE-06202ABC69FC}.Debug|x64.ActiveCfg = Debug|Any CPU
		{8C133EE9-8D9A-447D-BAEE-06202ABC69FC}.Debug|x86.ActiveCfg = Debug|Any CPU
		{8C133EE9-8D9A-447D-BAEE-06202ABC69FC}.Release|Any CPU.ActiveCfg = Release|Any CPU
		{8C133EE9-8D9A-447D-BAEE-06202ABC69FC}.Release|Any CPU.Build.0 = Release|Any CPU
		{8C133EE9-8D9A-447D-BAEE-06202ABC69FC}.Release|ARM.ActiveCfg = Release|Any CPU
		{8C133EE9-8D9A-447D-BAEE-06202ABC69FC}.Release|x64.ActiveCfg = Release|Any CPU
		{8C133EE9-8D9A-447D-BAEE-06202ABC69FC}.Release|x86.ActiveCfg = Release|Any CPU
		{DC0B67A9-863A-40DA-8516-062388A7B348}.CI|Any CPU.ActiveCfg = Release|Any CPU
		{DC0B67A9-863A-40DA-8516-062388A7B348}.CI|Any CPU.Build.0 = Release|Any CPU
		{DC0B67A9-863A-40DA-8516-062388A7B348}.CI|ARM.ActiveCfg = Release|ARM
		{DC0B67A9-863A-40DA-8516-062388A7B348}.CI|ARM.Build.0 = Release|ARM
		{DC0B67A9-863A-40DA-8516-062388A7B348}.CI|x64.ActiveCfg = Release|x64
		{DC0B67A9-863A-40DA-8516-062388A7B348}.CI|x64.Build.0 = Release|x64
		{DC0B67A9-863A-40DA-8516-062388A7B348}.CI|x86.ActiveCfg = Release|x86
		{DC0B67A9-863A-40DA-8516-062388A7B348}.CI|x86.Build.0 = Release|x86
		{DC0B67A9-863A-40DA-8516-062388A7B348}.Debug|Any CPU.ActiveCfg = Debug|Any CPU
		{DC0B67A9-863A-40DA-8516-062388A7B348}.Debug|Any CPU.Build.0 = Debug|Any CPU
		{DC0B67A9-863A-40DA-8516-062388A7B348}.Debug|ARM.ActiveCfg = Debug|ARM
		{DC0B67A9-863A-40DA-8516-062388A7B348}.Debug|ARM.Build.0 = Debug|ARM
		{DC0B67A9-863A-40DA-8516-062388A7B348}.Debug|x64.ActiveCfg = Debug|x64
		{DC0B67A9-863A-40DA-8516-062388A7B348}.Debug|x64.Build.0 = Debug|x64
		{DC0B67A9-863A-40DA-8516-062388A7B348}.Debug|x86.ActiveCfg = Debug|x86
		{DC0B67A9-863A-40DA-8516-062388A7B348}.Debug|x86.Build.0 = Debug|x86
		{DC0B67A9-863A-40DA-8516-062388A7B348}.Release|Any CPU.ActiveCfg = Release|Any CPU
		{DC0B67A9-863A-40DA-8516-062388A7B348}.Release|Any CPU.Build.0 = Release|Any CPU
		{DC0B67A9-863A-40DA-8516-062388A7B348}.Release|ARM.ActiveCfg = Release|ARM
		{DC0B67A9-863A-40DA-8516-062388A7B348}.Release|ARM.Build.0 = Release|ARM
		{DC0B67A9-863A-40DA-8516-062388A7B348}.Release|x64.ActiveCfg = Release|x64
		{DC0B67A9-863A-40DA-8516-062388A7B348}.Release|x64.Build.0 = Release|x64
		{DC0B67A9-863A-40DA-8516-062388A7B348}.Release|x86.ActiveCfg = Release|x86
		{DC0B67A9-863A-40DA-8516-062388A7B348}.Release|x86.Build.0 = Release|x86
		{8C122EE9-8D9A-447D-BBEE-06202ABCAA22}.CI|Any CPU.ActiveCfg = CI|Any CPU
		{8C122EE9-8D9A-447D-BBEE-06202ABCAA22}.CI|Any CPU.Build.0 = CI|Any CPU
		{8C122EE9-8D9A-447D-BBEE-06202ABCAA22}.CI|ARM.ActiveCfg = CI|Any CPU
		{8C122EE9-8D9A-447D-BBEE-06202ABCAA22}.CI|x64.ActiveCfg = CI|Any CPU
		{8C122EE9-8D9A-447D-BBEE-06202ABCAA22}.CI|x86.ActiveCfg = CI|Any CPU
		{8C122EE9-8D9A-447D-BBEE-06202ABCAA22}.Debug|Any CPU.ActiveCfg = Debug|Any CPU
		{8C122EE9-8D9A-447D-BBEE-06202ABCAA22}.Debug|Any CPU.Build.0 = Debug|Any CPU
		{8C122EE9-8D9A-447D-BBEE-06202ABCAA22}.Debug|ARM.ActiveCfg = Debug|Any CPU
		{8C122EE9-8D9A-447D-BBEE-06202ABCAA22}.Debug|x64.ActiveCfg = Debug|Any CPU
		{8C122EE9-8D9A-447D-BBEE-06202ABCAA22}.Debug|x86.ActiveCfg = Debug|Any CPU
		{8C122EE9-8D9A-447D-BBEE-06202ABCAA22}.Release|Any CPU.ActiveCfg = Release|Any CPU
		{8C122EE9-8D9A-447D-BBEE-06202ABCAA22}.Release|Any CPU.Build.0 = Release|Any CPU
		{8C122EE9-8D9A-447D-BBEE-06202ABCAA22}.Release|ARM.ActiveCfg = Release|Any CPU
		{8C122EE9-8D9A-447D-BBEE-06202ABCAA22}.Release|x64.ActiveCfg = Release|Any CPU
		{8C122EE9-8D9A-447D-BBEE-06202ABCAA22}.Release|x86.ActiveCfg = Release|Any CPU
	EndGlobalSection
	GlobalSection(SolutionProperties) = preSolution
		HideSolutionNode = FALSE
	EndGlobalSection
EndGlobal
